// !$*UTF8*$!
{
	archiveVersion = 1;
	classes = {
	};
	objectVersion = 46;
	objects = {

/* Begin PBXBuildFile section */
		CC2667161B61083500E3579C /* JJPopupForm.m in Sources */ = {isa = PBXBuildFile; fileRef = CC2667151B61083500E3579C /* JJPopupForm.m */; };
		CC4983931B42613E0086AB79 /* main.m in Sources */ = {isa = PBXBuildFile; fileRef = CC4983921B42613E0086AB79 /* main.m */; };
		CC4983961B42613E0086AB79 /* AppDelegate.m in Sources */ = {isa = PBXBuildFile; fileRef = CC4983951B42613E0086AB79 /* AppDelegate.m */; };
		CC4983991B42613E0086AB79 /* ViewController.m in Sources */ = {isa = PBXBuildFile; fileRef = CC4983981B42613E0086AB79 /* ViewController.m */; };
		CC49839C1B42613E0086AB79 /* Main.storyboard in Resources */ = {isa = PBXBuildFile; fileRef = CC49839A1B42613E0086AB79 /* Main.storyboard */; };
		CC49839E1B42613E0086AB79 /* Images.xcassets in Resources */ = {isa = PBXBuildFile; fileRef = CC49839D1B42613E0086AB79 /* Images.xcassets */; };
		CC4983A11B42613E0086AB79 /* LaunchScreen.xib in Resources */ = {isa = PBXBuildFile; fileRef = CC49839F1B42613E0086AB79 /* LaunchScreen.xib */; };
		CC4983AD1B42613E0086AB79 /* ResourceTests.m in Sources */ = {isa = PBXBuildFile; fileRef = CC4983AC1B42613E0086AB79 /* ResourceTests.m */; };
		CC4983DC1B4275FF0086AB79 /* AFHTTPRequestOperation.m in Sources */ = {isa = PBXBuildFile; fileRef = CC4983B81B4275FF0086AB79 /* AFHTTPRequestOperation.m */; };
		CC4983DD1B4275FF0086AB79 /* AFHTTPRequestOperationManager.m in Sources */ = {isa = PBXBuildFile; fileRef = CC4983BA1B4275FF0086AB79 /* AFHTTPRequestOperationManager.m */; };
		CC4983DE1B4275FF0086AB79 /* AFHTTPSessionManager.m in Sources */ = {isa = PBXBuildFile; fileRef = CC4983BC1B4275FF0086AB79 /* AFHTTPSessionManager.m */; };
		CC4983DF1B4275FF0086AB79 /* AFNetworkReachabilityManager.m in Sources */ = {isa = PBXBuildFile; fileRef = CC4983BF1B4275FF0086AB79 /* AFNetworkReachabilityManager.m */; };
		CC4983E01B4275FF0086AB79 /* AFSecurityPolicy.m in Sources */ = {isa = PBXBuildFile; fileRef = CC4983C11B4275FF0086AB79 /* AFSecurityPolicy.m */; };
		CC4983E11B4275FF0086AB79 /* AFURLConnectionOperation.m in Sources */ = {isa = PBXBuildFile; fileRef = CC4983C31B4275FF0086AB79 /* AFURLConnectionOperation.m */; };
		CC4983E21B4275FF0086AB79 /* AFURLRequestSerialization.m in Sources */ = {isa = PBXBuildFile; fileRef = CC4983C51B4275FF0086AB79 /* AFURLRequestSerialization.m */; };
		CC4983E31B4275FF0086AB79 /* AFURLResponseSerialization.m in Sources */ = {isa = PBXBuildFile; fileRef = CC4983C71B4275FF0086AB79 /* AFURLResponseSerialization.m */; };
		CC4983E41B4275FF0086AB79 /* AFURLSessionManager.m in Sources */ = {isa = PBXBuildFile; fileRef = CC4983C91B4275FF0086AB79 /* AFURLSessionManager.m */; };
		CC4983E51B4275FF0086AB79 /* AFNetworkActivityIndicatorManager.m in Sources */ = {isa = PBXBuildFile; fileRef = CC4983CC1B4275FF0086AB79 /* AFNetworkActivityIndicatorManager.m */; };
		CC4983E61B4275FF0086AB79 /* UIActivityIndicatorView+AFNetworking.m in Sources */ = {isa = PBXBuildFile; fileRef = CC4983CE1B4275FF0086AB79 /* UIActivityIndicatorView+AFNetworking.m */; };
		CC4983E71B4275FF0086AB79 /* UIAlertView+AFNetworking.m in Sources */ = {isa = PBXBuildFile; fileRef = CC4983D01B4275FF0086AB79 /* UIAlertView+AFNetworking.m */; };
		CC4983E81B4275FF0086AB79 /* UIButton+AFNetworking.m in Sources */ = {isa = PBXBuildFile; fileRef = CC4983D21B4275FF0086AB79 /* UIButton+AFNetworking.m */; };
		CC4983E91B4275FF0086AB79 /* UIImageView+AFNetworking.m in Sources */ = {isa = PBXBuildFile; fileRef = CC4983D41B4275FF0086AB79 /* UIImageView+AFNetworking.m */; };
		CC4983EA1B4275FF0086AB79 /* UIProgressView+AFNetworking.m in Sources */ = {isa = PBXBuildFile; fileRef = CC4983D71B4275FF0086AB79 /* UIProgressView+AFNetworking.m */; };
		CC4983EB1B4275FF0086AB79 /* UIRefreshControl+AFNetworking.m in Sources */ = {isa = PBXBuildFile; fileRef = CC4983D91B4275FF0086AB79 /* UIRefreshControl+AFNetworking.m */; };
		CC4983EC1B4275FF0086AB79 /* UIWebView+AFNetworking.m in Sources */ = {isa = PBXBuildFile; fileRef = CC4983DB1B4275FF0086AB79 /* UIWebView+AFNetworking.m */; };
		CC4983F31B429CAB0086AB79 /* SessionManager.m in Sources */ = {isa = PBXBuildFile; fileRef = CC4983F21B429CAB0086AB79 /* SessionManager.m */; };
		CC4983F61B42B6E50086AB79 /* RSJourneyViewController.m in Sources */ = {isa = PBXBuildFile; fileRef = CC4983F51B42B6E50086AB79 /* RSJourneyViewController.m */; };
		CC4983F91B433E0A0086AB79 /* RSCategoriesViewController.m in Sources */ = {isa = PBXBuildFile; fileRef = CC4983F81B433E0A0086AB79 /* RSCategoriesViewController.m */; };
		CCDFC1DC1B4E2A3D00991651 /* RSNotesViewController.m in Sources */ = {isa = PBXBuildFile; fileRef = CCDFC1DB1B4E2A3D00991651 /* RSNotesViewController.m */; };
		CCDFC1DF1B4E493400991651 /* RSAddNoteViewController.m in Sources */ = {isa = PBXBuildFile; fileRef = CCDFC1DE1B4E493400991651 /* RSAddNoteViewController.m */; };
		CCDFC1E21B4E821B00991651 /* RSShowNoteViewController.m in Sources */ = {isa = PBXBuildFile; fileRef = CCDFC1E11B4E821B00991651 /* RSShowNoteViewController.m */; };
/* End PBXBuildFile section */

/* Begin PBXContainerItemProxy section */
		CC4983A71B42613E0086AB79 /* PBXContainerItemProxy */ = {
			isa = PBXContainerItemProxy;
			containerPortal = CC4983851B42613E0086AB79 /* Project object */;
			proxyType = 1;
			remoteGlobalIDString = CC49838C1B42613E0086AB79;
			remoteInfo = Resource;
		};
/* End PBXContainerItemProxy section */

/* Begin PBXFileReference section */
		CC2667141B61083500E3579C /* JJPopupForm.h */ = {isa = PBXFileReference; fileEncoding = 4; lastKnownFileType = sourcecode.c.h; path = JJPopupForm.h; sourceTree = "<group>"; };
		CC2667151B61083500E3579C /* JJPopupForm.m */ = {isa = PBXFileReference; fileEncoding = 4; lastKnownFileType = sourcecode.c.objc; path = JJPopupForm.m; sourceTree = "<group>"; };
		CC49838D1B42613E0086AB79 /* Resource.app */ = {isa = PBXFileReference; explicitFileType = wrapper.application; includeInIndex = 0; path = Resource.app; sourceTree = BUILT_PRODUCTS_DIR; };
		CC4983911B42613E0086AB79 /* Info.plist */ = {isa = PBXFileReference; lastKnownFileType = text.plist.xml; path = Info.plist; sourceTree = "<group>"; };
		CC4983921B42613E0086AB79 /* main.m */ = {isa = PBXFileReference; lastKnownFileType = sourcecode.c.objc; path = main.m; sourceTree = "<group>"; };
		CC4983941B42613E0086AB79 /* AppDelegate.h */ = {isa = PBXFileReference; lastKnownFileType = sourcecode.c.h; path = AppDelegate.h; sourceTree = "<group>"; };
		CC4983951B42613E0086AB79 /* AppDelegate.m */ = {isa = PBXFileReference; lastKnownFileType = sourcecode.c.objc; path = AppDelegate.m; sourceTree = "<group>"; };
		CC4983971B42613E0086AB79 /* ViewController.h */ = {isa = PBXFileReference; lastKnownFileType = sourcecode.c.h; path = ViewController.h; sourceTree = "<group>"; };
		CC4983981B42613E0086AB79 /* ViewController.m */ = {isa = PBXFileReference; lastKnownFileType = sourcecode.c.objc; path = ViewController.m; sourceTree = "<group>"; };
		CC49839B1B42613E0086AB79 /* Base */ = {isa = PBXFileReference; lastKnownFileType = file.storyboard; name = Base; path = Base.lproj/Main.storyboard; sourceTree = "<group>"; };
		CC49839D1B42613E0086AB79 /* Images.xcassets */ = {isa = PBXFileReference; lastKnownFileType = folder.assetcatalog; path = Images.xcassets; sourceTree = "<group>"; };
		CC4983A01B42613E0086AB79 /* Base */ = {isa = PBXFileReference; lastKnownFileType = file.xib; name = Base; path = Base.lproj/LaunchScreen.xib; sourceTree = "<group>"; };
		CC4983A61B42613E0086AB79 /* ResourceTests.xctest */ = {isa = PBXFileReference; explicitFileType = wrapper.cfbundle; includeInIndex = 0; path = ResourceTests.xctest; sourceTree = BUILT_PRODUCTS_DIR; };
		CC4983AB1B42613E0086AB79 /* Info.plist */ = {isa = PBXFileReference; lastKnownFileType = text.plist.xml; path = Info.plist; sourceTree = "<group>"; };
		CC4983AC1B42613E0086AB79 /* ResourceTests.m */ = {isa = PBXFileReference; lastKnownFileType = sourcecode.c.objc; path = ResourceTests.m; sourceTree = "<group>"; };
		CC4983B71B4275FF0086AB79 /* AFHTTPRequestOperation.h */ = {isa = PBXFileReference; fileEncoding = 4; lastKnownFileType = sourcecode.c.h; path = AFHTTPRequestOperation.h; sourceTree = "<group>"; };
		CC4983B81B4275FF0086AB79 /* AFHTTPRequestOperation.m */ = {isa = PBXFileReference; fileEncoding = 4; lastKnownFileType = sourcecode.c.objc; path = AFHTTPRequestOperation.m; sourceTree = "<group>"; };
		CC4983B91B4275FF0086AB79 /* AFHTTPRequestOperationManager.h */ = {isa = PBXFileReference; fileEncoding = 4; lastKnownFileType = sourcecode.c.h; path = AFHTTPRequestOperationManager.h; sourceTree = "<group>"; };
		CC4983BA1B4275FF0086AB79 /* AFHTTPRequestOperationManager.m */ = {isa = PBXFileReference; fileEncoding = 4; lastKnownFileType = sourcecode.c.objc; path = AFHTTPRequestOperationManager.m; sourceTree = "<group>"; };
		CC4983BB1B4275FF0086AB79 /* AFHTTPSessionManager.h */ = {isa = PBXFileReference; fileEncoding = 4; lastKnownFileType = sourcecode.c.h; path = AFHTTPSessionManager.h; sourceTree = "<group>"; };
		CC4983BC1B4275FF0086AB79 /* AFHTTPSessionManager.m */ = {isa = PBXFileReference; fileEncoding = 4; lastKnownFileType = sourcecode.c.objc; path = AFHTTPSessionManager.m; sourceTree = "<group>"; };
		CC4983BD1B4275FF0086AB79 /* AFNetworking.h */ = {isa = PBXFileReference; fileEncoding = 4; lastKnownFileType = sourcecode.c.h; path = AFNetworking.h; sourceTree = "<group>"; };
		CC4983BE1B4275FF0086AB79 /* AFNetworkReachabilityManager.h */ = {isa = PBXFileReference; fileEncoding = 4; lastKnownFileType = sourcecode.c.h; path = AFNetworkReachabilityManager.h; sourceTree = "<group>"; };
		CC4983BF1B4275FF0086AB79 /* AFNetworkReachabilityManager.m */ = {isa = PBXFileReference; fileEncoding = 4; lastKnownFileType = sourcecode.c.objc; path = AFNetworkReachabilityManager.m; sourceTree = "<group>"; };
		CC4983C01B4275FF0086AB79 /* AFSecurityPolicy.h */ = {isa = PBXFileReference; fileEncoding = 4; lastKnownFileType = sourcecode.c.h; path = AFSecurityPolicy.h; sourceTree = "<group>"; };
		CC4983C11B4275FF0086AB79 /* AFSecurityPolicy.m */ = {isa = PBXFileReference; fileEncoding = 4; lastKnownFileType = sourcecode.c.objc; path = AFSecurityPolicy.m; sourceTree = "<group>"; };
		CC4983C21B4275FF0086AB79 /* AFURLConnectionOperation.h */ = {isa = PBXFileReference; fileEncoding = 4; lastKnownFileType = sourcecode.c.h; path = AFURLConnectionOperation.h; sourceTree = "<group>"; };
		CC4983C31B4275FF0086AB79 /* AFURLConnectionOperation.m */ = {isa = PBXFileReference; fileEncoding = 4; lastKnownFileType = sourcecode.c.objc; path = AFURLConnectionOperation.m; sourceTree = "<group>"; };
		CC4983C41B4275FF0086AB79 /* AFURLRequestSerialization.h */ = {isa = PBXFileReference; fileEncoding = 4; lastKnownFileType = sourcecode.c.h; path = AFURLRequestSerialization.h; sourceTree = "<group>"; };
		CC4983C51B4275FF0086AB79 /* AFURLRequestSerialization.m */ = {isa = PBXFileReference; fileEncoding = 4; lastKnownFileType = sourcecode.c.objc; path = AFURLRequestSerialization.m; sourceTree = "<group>"; };
		CC4983C61B4275FF0086AB79 /* AFURLResponseSerialization.h */ = {isa = PBXFileReference; fileEncoding = 4; lastKnownFileType = sourcecode.c.h; path = AFURLResponseSerialization.h; sourceTree = "<group>"; };
		CC4983C71B4275FF0086AB79 /* AFURLResponseSerialization.m */ = {isa = PBXFileReference; fileEncoding = 4; lastKnownFileType = sourcecode.c.objc; path = AFURLResponseSerialization.m; sourceTree = "<group>"; };
		CC4983C81B4275FF0086AB79 /* AFURLSessionManager.h */ = {isa = PBXFileReference; fileEncoding = 4; lastKnownFileType = sourcecode.c.h; path = AFURLSessionManager.h; sourceTree = "<group>"; };
		CC4983C91B4275FF0086AB79 /* AFURLSessionManager.m */ = {isa = PBXFileReference; fileEncoding = 4; lastKnownFileType = sourcecode.c.objc; path = AFURLSessionManager.m; sourceTree = "<group>"; };
		CC4983CB1B4275FF0086AB79 /* AFNetworkActivityIndicatorManager.h */ = {isa = PBXFileReference; fileEncoding = 4; lastKnownFileType = sourcecode.c.h; path = AFNetworkActivityIndicatorManager.h; sourceTree = "<group>"; };
		CC4983CC1B4275FF0086AB79 /* AFNetworkActivityIndicatorManager.m */ = {isa = PBXFileReference; fileEncoding = 4; lastKnownFileType = sourcecode.c.objc; path = AFNetworkActivityIndicatorManager.m; sourceTree = "<group>"; };
		CC4983CD1B4275FF0086AB79 /* UIActivityIndicatorView+AFNetworking.h */ = {isa = PBXFileReference; fileEncoding = 4; lastKnownFileType = sourcecode.c.h; path = "UIActivityIndicatorView+AFNetworking.h"; sourceTree = "<group>"; };
		CC4983CE1B4275FF0086AB79 /* UIActivityIndicatorView+AFNetworking.m */ = {isa = PBXFileReference; fileEncoding = 4; lastKnownFileType = sourcecode.c.objc; path = "UIActivityIndicatorView+AFNetworking.m"; sourceTree = "<group>"; };
		CC4983CF1B4275FF0086AB79 /* UIAlertView+AFNetworking.h */ = {isa = PBXFileReference; fileEncoding = 4; lastKnownFileType = sourcecode.c.h; path = "UIAlertView+AFNetworking.h"; sourceTree = "<group>"; };
		CC4983D01B4275FF0086AB79 /* UIAlertView+AFNetworking.m */ = {isa = PBXFileReference; fileEncoding = 4; lastKnownFileType = sourcecode.c.objc; path = "UIAlertView+AFNetworking.m"; sourceTree = "<group>"; };
		CC4983D11B4275FF0086AB79 /* UIButton+AFNetworking.h */ = {isa = PBXFileReference; fileEncoding = 4; lastKnownFileType = sourcecode.c.h; path = "UIButton+AFNetworking.h"; sourceTree = "<group>"; };
		CC4983D21B4275FF0086AB79 /* UIButton+AFNetworking.m */ = {isa = PBXFileReference; fileEncoding = 4; lastKnownFileType = sourcecode.c.objc; path = "UIButton+AFNetworking.m"; sourceTree = "<group>"; };
		CC4983D31B4275FF0086AB79 /* UIImageView+AFNetworking.h */ = {isa = PBXFileReference; fileEncoding = 4; lastKnownFileType = sourcecode.c.h; path = "UIImageView+AFNetworking.h"; sourceTree = "<group>"; };
		CC4983D41B4275FF0086AB79 /* UIImageView+AFNetworking.m */ = {isa = PBXFileReference; fileEncoding = 4; lastKnownFileType = sourcecode.c.objc; path = "UIImageView+AFNetworking.m"; sourceTree = "<group>"; };
		CC4983D51B4275FF0086AB79 /* UIKit+AFNetworking.h */ = {isa = PBXFileReference; fileEncoding = 4; lastKnownFileType = sourcecode.c.h; path = "UIKit+AFNetworking.h"; sourceTree = "<group>"; };
		CC4983D61B4275FF0086AB79 /* UIProgressView+AFNetworking.h */ = {isa = PBXFileReference; fileEncoding = 4; lastKnownFileType = sourcecode.c.h; path = "UIProgressView+AFNetworking.h"; sourceTree = "<group>"; };
		CC4983D71B4275FF0086AB79 /* UIProgressView+AFNetworking.m */ = {isa = PBXFileReference; fileEncoding = 4; lastKnownFileType = sourcecode.c.objc; path = "UIProgressView+AFNetworking.m"; sourceTree = "<group>"; };
		CC4983D81B4275FF0086AB79 /* UIRefreshControl+AFNetworking.h */ = {isa = PBXFileReference; fileEncoding = 4; lastKnownFileType = sourcecode.c.h; path = "UIRefreshControl+AFNetworking.h"; sourceTree = "<group>"; };
		CC4983D91B4275FF0086AB79 /* UIRefreshControl+AFNetworking.m */ = {isa = PBXFileReference; fileEncoding = 4; lastKnownFileType = sourcecode.c.objc; path = "UIRefreshControl+AFNetworking.m"; sourceTree = "<group>"; };
		CC4983DA1B4275FF0086AB79 /* UIWebView+AFNetworking.h */ = {isa = PBXFileReference; fileEncoding = 4; lastKnownFileType = sourcecode.c.h; path = "UIWebView+AFNetworking.h"; sourceTree = "<group>"; };
		CC4983DB1B4275FF0086AB79 /* UIWebView+AFNetworking.m */ = {isa = PBXFileReference; fileEncoding = 4; lastKnownFileType = sourcecode.c.objc; path = "UIWebView+AFNetworking.m"; sourceTree = "<group>"; };
		CC4983F11B429CAB0086AB79 /* SessionManager.h */ = {isa = PBXFileReference; fileEncoding = 4; lastKnownFileType = sourcecode.c.h; path = SessionManager.h; sourceTree = "<group>"; };
		CC4983F21B429CAB0086AB79 /* SessionManager.m */ = {isa = PBXFileReference; fileEncoding = 4; lastKnownFileType = sourcecode.c.objc; path = SessionManager.m; sourceTree = "<group>"; };
		CC4983F41B42B6E50086AB79 /* RSJourneyViewController.h */ = {isa = PBXFileReference; fileEncoding = 4; lastKnownFileType = sourcecode.c.h; path = RSJourneyViewController.h; sourceTree = "<group>"; };
		CC4983F51B42B6E50086AB79 /* RSJourneyViewController.m */ = {isa = PBXFileReference; fileEncoding = 4; lastKnownFileType = sourcecode.c.objc; path = RSJourneyViewController.m; sourceTree = "<group>"; };
		CC4983F71B433E0A0086AB79 /* RSCategoriesViewController.h */ = {isa = PBXFileReference; fileEncoding = 4; lastKnownFileType = sourcecode.c.h; path = RSCategoriesViewController.h; sourceTree = "<group>"; };
		CC4983F81B433E0A0086AB79 /* RSCategoriesViewController.m */ = {isa = PBXFileReference; fileEncoding = 4; lastKnownFileType = sourcecode.c.objc; path = RSCategoriesViewController.m; sourceTree = "<group>"; };
		CCDFC1DA1B4E2A3D00991651 /* RSNotesViewController.h */ = {isa = PBXFileReference; fileEncoding = 4; lastKnownFileType = sourcecode.c.h; name = RSNotesViewController.h; path = ../RSNotesViewController.h; sourceTree = "<group>"; };
		CCDFC1DB1B4E2A3D00991651 /* RSNotesViewController.m */ = {isa = PBXFileReference; fileEncoding = 4; lastKnownFileType = sourcecode.c.objc; name = RSNotesViewController.m; path = ../RSNotesViewController.m; sourceTree = "<group>"; };
		CCDFC1DD1B4E493400991651 /* RSAddNoteViewController.h */ = {isa = PBXFileReference; fileEncoding = 4; lastKnownFileType = sourcecode.c.h; path = RSAddNoteViewController.h; sourceTree = "<group>"; };
		CCDFC1DE1B4E493400991651 /* RSAddNoteViewController.m */ = {isa = PBXFileReference; fileEncoding = 4; lastKnownFileType = sourcecode.c.objc; path = RSAddNoteViewController.m; sourceTree = "<group>"; };
		CCDFC1E01B4E821B00991651 /* RSShowNoteViewController.h */ = {isa = PBXFileReference; fileEncoding = 4; lastKnownFileType = sourcecode.c.h; path = RSShowNoteViewController.h; sourceTree = "<group>"; };
		CCDFC1E11B4E821B00991651 /* RSShowNoteViewController.m */ = {isa = PBXFileReference; fileEncoding = 4; lastKnownFileType = sourcecode.c.objc; path = RSShowNoteViewController.m; sourceTree = "<group>"; };
/* End PBXFileReference section */

/* Begin PBXFrameworksBuildPhase section */
		CC49838A1B42613E0086AB79 /* Frameworks */ = {
			isa = PBXFrameworksBuildPhase;
			buildActionMask = 2147483647;
			files = (
			);
			runOnlyForDeploymentPostprocessing = 0;
		};
		CC4983A31B42613E0086AB79 /* Frameworks */ = {
			isa = PBXFrameworksBuildPhase;
			buildActionMask = 2147483647;
			files = (
			);
			runOnlyForDeploymentPostprocessing = 0;
		};
/* End PBXFrameworksBuildPhase section */

/* Begin PBXGroup section */
		CC2667171B61083D00E3579C /* Libraries */ = {
			isa = PBXGroup;
			children = (
				CC2667141B61083500E3579C /* JJPopupForm.h */,
				CC2667151B61083500E3579C /* JJPopupForm.m */,
				CC4983B61B4275FF0086AB79 /* AFNetworking */,
				CC4983CA1B4275FF0086AB79 /* UIKit+AFNetworking */,
			);
			name = Libraries;
			sourceTree = "<group>";
		};
		CC4983841B42613E0086AB79 = {
			isa = PBXGroup;
			children = (
				CC49838F1B42613E0086AB79 /* Resource */,
				CC4983A91B42613E0086AB79 /* ResourceTests */,
				CC49838E1B42613E0086AB79 /* Products */,
			);
			sourceTree = "<group>";
		};
		CC49838E1B42613E0086AB79 /* Products */ = {
			isa = PBXGroup;
			children = (
				CC49838D1B42613E0086AB79 /* Resource.app */,
				CC4983A61B42613E0086AB79 /* ResourceTests.xctest */,
			);
			name = Products;
			sourceTree = "<group>";
		};
		CC49838F1B42613E0086AB79 /* Resource */ = {
			isa = PBXGroup;
			children = (
				CC2667171B61083D00E3579C /* Libraries */,
				CC4983941B42613E0086AB79 /* AppDelegate.h */,
				CC4983951B42613E0086AB79 /* AppDelegate.m */,
				CC4983971B42613E0086AB79 /* ViewController.h */,
				CC4983981B42613E0086AB79 /* ViewController.m */,
				CC4983F41B42B6E50086AB79 /* RSJourneyViewController.h */,
				CC4983F51B42B6E50086AB79 /* RSJourneyViewController.m */,
				CC4983F71B433E0A0086AB79 /* RSCategoriesViewController.h */,
				CC4983F81B433E0A0086AB79 /* RSCategoriesViewController.m */,
				CCDFC1DA1B4E2A3D00991651 /* RSNotesViewController.h */,
				CCDFC1DB1B4E2A3D00991651 /* RSNotesViewController.m */,
				CCDFC1E01B4E821B00991651 /* RSShowNoteViewController.h */,
				CCDFC1E11B4E821B00991651 /* RSShowNoteViewController.m */,
				CC4983F11B429CAB0086AB79 /* SessionManager.h */,
				CC4983F21B429CAB0086AB79 /* SessionManager.m */,
				CC49839A1B42613E0086AB79 /* Main.storyboard */,
				CCDFC1DD1B4E493400991651 /* RSAddNoteViewController.h */,
				CCDFC1DE1B4E493400991651 /* RSAddNoteViewController.m */,
				CC49839D1B42613E0086AB79 /* Images.xcassets */,
				CC49839F1B42613E0086AB79 /* LaunchScreen.xib */,
				CC4983901B42613E0086AB79 /* Supporting Files */,
			);
			path = Resource;
			sourceTree = "<group>";
		};
		CC4983901B42613E0086AB79 /* Supporting Files */ = {
			isa = PBXGroup;
			children = (
				CC4983911B42613E0086AB79 /* Info.plist */,
				CC4983921B42613E0086AB79 /* main.m */,
			);
			name = "Supporting Files";
			sourceTree = "<group>";
		};
		CC4983A91B42613E0086AB79 /* ResourceTests */ = {
			isa = PBXGroup;
			children = (
				CC4983AC1B42613E0086AB79 /* ResourceTests.m */,
				CC4983AA1B42613E0086AB79 /* Supporting Files */,
			);
			path = ResourceTests;
			sourceTree = "<group>";
		};
		CC4983AA1B42613E0086AB79 /* Supporting Files */ = {
			isa = PBXGroup;
			children = (
				CC4983AB1B42613E0086AB79 /* Info.plist */,
			);
			name = "Supporting Files";
			sourceTree = "<group>";
		};
		CC4983B61B4275FF0086AB79 /* AFNetworking */ = {
			isa = PBXGroup;
			children = (
				CC4983B71B4275FF0086AB79 /* AFHTTPRequestOperation.h */,
				CC4983B81B4275FF0086AB79 /* AFHTTPRequestOperation.m */,
				CC4983B91B4275FF0086AB79 /* AFHTTPRequestOperationManager.h */,
				CC4983BA1B4275FF0086AB79 /* AFHTTPRequestOperationManager.m */,
				CC4983BB1B4275FF0086AB79 /* AFHTTPSessionManager.h */,
				CC4983BC1B4275FF0086AB79 /* AFHTTPSessionManager.m */,
				CC4983BD1B4275FF0086AB79 /* AFNetworking.h */,
				CC4983BE1B4275FF0086AB79 /* AFNetworkReachabilityManager.h */,
				CC4983BF1B4275FF0086AB79 /* AFNetworkReachabilityManager.m */,
				CC4983C01B4275FF0086AB79 /* AFSecurityPolicy.h */,
				CC4983C11B4275FF0086AB79 /* AFSecurityPolicy.m */,
				CC4983C21B4275FF0086AB79 /* AFURLConnectionOperation.h */,
				CC4983C31B4275FF0086AB79 /* AFURLConnectionOperation.m */,
				CC4983C41B4275FF0086AB79 /* AFURLRequestSerialization.h */,
				CC4983C51B4275FF0086AB79 /* AFURLRequestSerialization.m */,
				CC4983C61B4275FF0086AB79 /* AFURLResponseSerialization.h */,
				CC4983C71B4275FF0086AB79 /* AFURLResponseSerialization.m */,
				CC4983C81B4275FF0086AB79 /* AFURLSessionManager.h */,
				CC4983C91B4275FF0086AB79 /* AFURLSessionManager.m */,
			);
			path = AFNetworking;
			sourceTree = "<group>";
		};
		CC4983CA1B4275FF0086AB79 /* UIKit+AFNetworking */ = {
			isa = PBXGroup;
			children = (
				CC4983CB1B4275FF0086AB79 /* AFNetworkActivityIndicatorManager.h */,
				CC4983CC1B4275FF0086AB79 /* AFNetworkActivityIndicatorManager.m */,
				CC4983CD1B4275FF0086AB79 /* UIActivityIndicatorView+AFNetworking.h */,
				CC4983CE1B4275FF0086AB79 /* UIActivityIndicatorView+AFNetworking.m */,
				CC4983CF1B4275FF0086AB79 /* UIAlertView+AFNetworking.h */,
				CC4983D01B4275FF0086AB79 /* UIAlertView+AFNetworking.m */,
				CC4983D11B4275FF0086AB79 /* UIButton+AFNetworking.h */,
				CC4983D21B4275FF0086AB79 /* UIButton+AFNetworking.m */,
				CC4983D31B4275FF0086AB79 /* UIImageView+AFNetworking.h */,
				CC4983D41B4275FF0086AB79 /* UIImageView+AFNetworking.m */,
				CC4983D51B4275FF0086AB79 /* UIKit+AFNetworking.h */,
				CC4983D61B4275FF0086AB79 /* UIProgressView+AFNetworking.h */,
				CC4983D71B4275FF0086AB79 /* UIProgressView+AFNetworking.m */,
				CC4983D81B4275FF0086AB79 /* UIRefreshControl+AFNetworking.h */,
				CC4983D91B4275FF0086AB79 /* UIRefreshControl+AFNetworking.m */,
				CC4983DA1B4275FF0086AB79 /* UIWebView+AFNetworking.h */,
				CC4983DB1B4275FF0086AB79 /* UIWebView+AFNetworking.m */,
			);
			path = "UIKit+AFNetworking";
			sourceTree = "<group>";
		};
/* End PBXGroup section */

/* Begin PBXNativeTarget section */
		CC49838C1B42613E0086AB79 /* Resource */ = {
			isa = PBXNativeTarget;
			buildConfigurationList = CC4983B01B42613E0086AB79 /* Build configuration list for PBXNativeTarget "Resource" */;
			buildPhases = (
				CC4983891B42613E0086AB79 /* Sources */,
				CC49838A1B42613E0086AB79 /* Frameworks */,
				CC49838B1B42613E0086AB79 /* Resources */,
			);
			buildRules = (
			);
			dependencies = (
			);
			name = Resource;
			productName = Resource;
			productReference = CC49838D1B42613E0086AB79 /* Resource.app */;
			productType = "com.apple.product-type.application";
		};
		CC4983A51B42613E0086AB79 /* ResourceTests */ = {
			isa = PBXNativeTarget;
			buildConfigurationList = CC4983B31B42613E0086AB79 /* Build configuration list for PBXNativeTarget "ResourceTests" */;
			buildPhases = (
				CC4983A21B42613E0086AB79 /* Sources */,
				CC4983A31B42613E0086AB79 /* Frameworks */,
				CC4983A41B42613E0086AB79 /* Resources */,
			);
			buildRules = (
			);
			dependencies = (
				CC4983A81B42613E0086AB79 /* PBXTargetDependency */,
			);
			name = ResourceTests;
			productName = ResourceTests;
			productReference = CC4983A61B42613E0086AB79 /* ResourceTests.xctest */;
			productType = "com.apple.product-type.bundle.unit-test";
		};
/* End PBXNativeTarget section */

/* Begin PBXProject section */
		CC4983851B42613E0086AB79 /* Project object */ = {
			isa = PBXProject;
			attributes = {
				LastUpgradeCheck = 0630;
				ORGANIZATIONNAME = JimJoyce;
				TargetAttributes = {
					CC49838C1B42613E0086AB79 = {
						CreatedOnToolsVersion = 6.3.2;
					};
					CC4983A51B42613E0086AB79 = {
						CreatedOnToolsVersion = 6.3.2;
						TestTargetID = CC49838C1B42613E0086AB79;
					};
				};
			};
			buildConfigurationList = CC4983881B42613E0086AB79 /* Build configuration list for PBXProject "Resource" */;
			compatibilityVersion = "Xcode 3.2";
			developmentRegion = English;
			hasScannedForEncodings = 0;
			knownRegions = (
				en,
				Base,
			);
			mainGroup = CC4983841B42613E0086AB79;
			productRefGroup = CC49838E1B42613E0086AB79 /* Products */;
			projectDirPath = "";
			projectRoot = "";
			targets = (
				CC49838C1B42613E0086AB79 /* Resource */,
				CC4983A51B42613E0086AB79 /* ResourceTests */,
			);
		};
/* End PBXProject section */

/* Begin PBXResourcesBuildPhase section */
		CC49838B1B42613E0086AB79 /* Resources */ = {
			isa = PBXResourcesBuildPhase;
			buildActionMask = 2147483647;
			files = (
				CC49839C1B42613E0086AB79 /* Main.storyboard in Resources */,
				CC4983A11B42613E0086AB79 /* LaunchScreen.xib in Resources */,
				CC49839E1B42613E0086AB79 /* Images.xcassets in Resources */,
			);
			runOnlyForDeploymentPostprocessing = 0;
		};
		CC4983A41B42613E0086AB79 /* Resources */ = {
			isa = PBXResourcesBuildPhase;
			buildActionMask = 2147483647;
			files = (
			);
			runOnlyForDeploymentPostprocessing = 0;
		};
/* End PBXResourcesBuildPhase section */

/* Begin PBXSourcesBuildPhase section */
		CC4983891B42613E0086AB79 /* Sources */ = {
			isa = PBXSourcesBuildPhase;
			buildActionMask = 2147483647;
			files = (
				CC4983F91B433E0A0086AB79 /* RSCategoriesViewController.m in Sources */,
				CC4983DC1B4275FF0086AB79 /* AFHTTPRequestOperation.m in Sources */,
				CC4983E91B4275FF0086AB79 /* UIImageView+AFNetworking.m in Sources */,
				CC4983F31B429CAB0086AB79 /* SessionManager.m in Sources */,
				CC4983991B42613E0086AB79 /* ViewController.m in Sources */,
				CC4983DD1B4275FF0086AB79 /* AFHTTPRequestOperationManager.m in Sources */,
				CC4983EA1B4275FF0086AB79 /* UIProgressView+AFNetworking.m in Sources */,
				CCDFC1DF1B4E493400991651 /* RSAddNoteViewController.m in Sources */,
				CC4983DF1B4275FF0086AB79 /* AFNetworkReachabilityManager.m in Sources */,
				CC4983E31B4275FF0086AB79 /* AFURLResponseSerialization.m in Sources */,
				CCDFC1E21B4E821B00991651 /* RSShowNoteViewController.m in Sources */,
				CC4983E11B4275FF0086AB79 /* AFURLConnectionOperation.m in Sources */,
				CC4983E81B4275FF0086AB79 /* UIButton+AFNetworking.m in Sources */,
				CC4983E61B4275FF0086AB79 /* UIActivityIndicatorView+AFNetworking.m in Sources */,
				CC4983E01B4275FF0086AB79 /* AFSecurityPolicy.m in Sources */,
				CC4983EB1B4275FF0086AB79 /* UIRefreshControl+AFNetworking.m in Sources */,
				CC4983EC1B4275FF0086AB79 /* UIWebView+AFNetworking.m in Sources */,
				CC4983DE1B4275FF0086AB79 /* AFHTTPSessionManager.m in Sources */,
				CC4983E71B4275FF0086AB79 /* UIAlertView+AFNetworking.m in Sources */,
				CC4983F61B42B6E50086AB79 /* RSJourneyViewController.m in Sources */,
				CC2667161B61083500E3579C /* JJPopupForm.m in Sources */,
				CC4983E21B4275FF0086AB79 /* AFURLRequestSerialization.m in Sources */,
				CC4983E51B4275FF0086AB79 /* AFNetworkActivityIndicatorManager.m in Sources */,
				CC4983E41B4275FF0086AB79 /* AFURLSessionManager.m in Sources */,
				CC4983961B42613E0086AB79 /* AppDelegate.m in Sources */,
				CC4983931B42613E0086AB79 /* main.m in Sources */,
				CCDFC1DC1B4E2A3D00991651 /* RSNotesViewController.m in Sources */,
			);
			runOnlyForDeploymentPostprocessing = 0;
		};
		CC4983A21B42613E0086AB79 /* Sources */ = {
			isa = PBXSourcesBuildPhase;
			buildActionMask = 2147483647;
			files = (
				CC4983AD1B42613E0086AB79 /* ResourceTests.m in Sources */,
			);
			runOnlyForDeploymentPostprocessing = 0;
		};
/* End PBXSourcesBuildPhase section */

/* Begin PBXTargetDependency section */
		CC4983A81B42613E0086AB79 /* PBXTargetDependency */ = {
			isa = PBXTargetDependency;
			target = CC49838C1B42613E0086AB79 /* Resource */;
			targetProxy = CC4983A71B42613E0086AB79 /* PBXContainerItemProxy */;
		};
/* End PBXTargetDependency section */

/* Begin PBXVariantGroup section */
		CC49839A1B42613E0086AB79 /* Main.storyboard */ = {
			isa = PBXVariantGroup;
			children = (
				CC49839B1B42613E0086AB79 /* Base */,
			);
			name = Main.storyboard;
			sourceTree = "<group>";
		};
		CC49839F1B42613E0086AB79 /* LaunchScreen.xib */ = {
			isa = PBXVariantGroup;
			children = (
				CC4983A01B42613E0086AB79 /* Base */,
			);
			name = LaunchScreen.xib;
			sourceTree = "<group>";
		};
/* End PBXVariantGroup section */

/* Begin XCBuildConfiguration section */
		CC4983AE1B42613E0086AB79 /* Debug */ = {
			isa = XCBuildConfiguration;
			buildSettings = {
				ALWAYS_SEARCH_USER_PATHS = NO;
				CLANG_CXX_LANGUAGE_STANDARD = "gnu++0x";
				CLANG_CXX_LIBRARY = "libc++";
				CLANG_ENABLE_MODULES = YES;
				CLANG_ENABLE_OBJC_ARC = YES;
				CLANG_WARN_BOOL_CONVERSION = YES;
				CLANG_WARN_CONSTANT_CONVERSION = YES;
				CLANG_WARN_DIRECT_OBJC_ISA_USAGE = YES_ERROR;
				CLANG_WARN_EMPTY_BODY = YES;
				CLANG_WARN_ENUM_CONVERSION = YES;
				CLANG_WARN_INT_CONVERSION = YES;
				CLANG_WARN_OBJC_ROOT_CLASS = YES_ERROR;
				CLANG_WARN_UNREACHABLE_CODE = YES;
				CLANG_WARN__DUPLICATE_METHOD_MATCH = YES;
				"CODE_SIGN_IDENTITY[sdk=iphoneos*]" = "iPhone Developer";
				COPY_PHASE_STRIP = NO;
				DEBUG_INFORMATION_FORMAT = "dwarf-with-dsym";
				ENABLE_STRICT_OBJC_MSGSEND = YES;
				GCC_C_LANGUAGE_STANDARD = gnu99;
				GCC_DYNAMIC_NO_PIC = NO;
				GCC_NO_COMMON_BLOCKS = YES;
				GCC_OPTIMIZATION_LEVEL = 0;
				GCC_PREPROCESSOR_DEFINITIONS = (
					"DEBUG=1",
					"$(inherited)",
				);
				GCC_SYMBOLS_PRIVATE_EXTERN = NO;
				GCC_WARN_64_TO_32_BIT_CONVERSION = YES;
				GCC_WARN_ABOUT_RETURN_TYPE = YES_ERROR;
				GCC_WARN_UNDECLARED_SELECTOR = YES;
				GCC_WARN_UNINITIALIZED_AUTOS = YES_AGGRESSIVE;
				GCC_WARN_UNUSED_FUNCTION = YES;
				GCC_WARN_UNUSED_VARIABLE = YES;
				IPHONEOS_DEPLOYMENT_TARGET = 8.3;
				MTL_ENABLE_DEBUG_INFO = YES;
				ONLY_ACTIVE_ARCH = YES;
				SDKROOT = iphoneos;
			};
			name = Debug;
		};
		CC4983AF1B42613E0086AB79 /* Release */ = {
			isa = XCBuildConfiguration;
			buildSettings = {
				ALWAYS_SEARCH_USER_PATHS = NO;
				CLANG_CXX_LANGUAGE_STANDARD = "gnu++0x";
				CLANG_CXX_LIBRARY = "libc++";
				CLANG_ENABLE_MODULES = YES;
				CLANG_ENABLE_OBJC_ARC = YES;
				CLANG_WARN_BOOL_CONVERSION = YES;
				CLANG_WARN_CONSTANT_CONVERSION = YES;
				CLANG_WARN_DIRECT_OBJC_ISA_USAGE = YES_ERROR;
				CLANG_WARN_EMPTY_BODY = YES;
				CLANG_WARN_ENUM_CONVERSION = YES;
				CLANG_WARN_INT_CONVERSION = YES;
				CLANG_WARN_OBJC_ROOT_CLASS = YES_ERROR;
				CLANG_WARN_UNREACHABLE_CODE = YES;
				CLANG_WARN__DUPLICATE_METHOD_MATCH = YES;
				"CODE_SIGN_IDENTITY[sdk=iphoneos*]" = "iPhone Developer";
				COPY_PHASE_STRIP = NO;
				DEBUG_INFORMATION_FORMAT = "dwarf-with-dsym";
				ENABLE_NS_ASSERTIONS = NO;
				ENABLE_STRICT_OBJC_MSGSEND = YES;
				GCC_C_LANGUAGE_STANDARD = gnu99;
				GCC_NO_COMMON_BLOCKS = YES;
				GCC_WARN_64_TO_32_BIT_CONVERSION = YES;
				GCC_WARN_ABOUT_RETURN_TYPE = YES_ERROR;
				GCC_WARN_UNDECLARED_SELECTOR = YES;
				GCC_WARN_UNINITIALIZED_AUTOS = YES_AGGRESSIVE;
				GCC_WARN_UNUSED_FUNCTION = YES;
				GCC_WARN_UNUSED_VARIABLE = YES;
				IPHONEOS_DEPLOYMENT_TARGET = 8.3;
				MTL_ENABLE_DEBUG_INFO = NO;
				SDKROOT = iphoneos;
				VALIDATE_PRODUCT = YES;
			};
			name = Release;
		};
		CC4983B11B42613E0086AB79 /* Debug */ = {
			isa = XCBuildConfiguration;
			buildSettings = {
				ASSETCATALOG_COMPILER_APPICON_NAME = AppIcon;
				INFOPLIST_FILE = Resource/Info.plist;
				LD_RUNPATH_SEARCH_PATHS = "$(inherited) @executable_path/Frameworks";
				PRODUCT_NAME = "$(TARGET_NAME)";
			};
			name = Debug;
		};
		CC4983B21B42613E0086AB79 /* Release */ = {
			isa = XCBuildConfiguration;
			buildSettings = {
				ASSETCATALOG_COMPILER_APPICON_NAME = AppIcon;
				INFOPLIST_FILE = Resource/Info.plist;
				LD_RUNPATH_SEARCH_PATHS = "$(inherited) @executable_path/Frameworks";
				PRODUCT_NAME = "$(TARGET_NAME)";
			};
			name = Release;
		};
		CC4983B41B42613E0086AB79 /* Debug */ = {
			isa = XCBuildConfiguration;
			buildSettings = {
				BUNDLE_LOADER = "$(TEST_HOST)";
				FRAMEWORK_SEARCH_PATHS = (
					"$(SDKROOT)/Developer/Library/Frameworks",
					"$(inherited)",
				);
				GCC_PREPROCESSOR_DEFINITIONS = (
					"DEBUG=1",
					"$(inherited)",
				);
				INFOPLIST_FILE = ResourceTests/Info.plist;
				LD_RUNPATH_SEARCH_PATHS = "$(inherited) @executable_path/Frameworks @loader_path/Frameworks";
				PRODUCT_NAME = "$(TARGET_NAME)";
				TEST_HOST = "$(BUILT_PRODUCTS_DIR)/Resource.app/Resource";
			};
			name = Debug;
		};
		CC4983B51B42613E0086AB79 /* Release */ = {
			isa = XCBuildConfiguration;
			buildSettings = {
				BUNDLE_LOADER = "$(TEST_HOST)";
				FRAMEWORK_SEARCH_PATHS = (
					"$(SDKROOT)/Developer/Library/Frameworks",
					"$(inherited)",
				);
				INFOPLIST_FILE = ResourceTests/Info.plist;
				LD_RUNPATH_SEARCH_PATHS = "$(inherited) @executable_path/Frameworks @loader_path/Frameworks";
				PRODUCT_NAME = "$(TARGET_NAME)";
				TEST_HOST = "$(BUILT_PRODUCTS_DIR)/Resource.app/Resource";
			};
			name = Release;
		};
/* End XCBuildConfiguration section */

/* Begin XCConfigurationList section */
		CC4983881B42613E0086AB79 /* Build configuration list for PBXProject "Resource" */ = {
			isa = XCConfigurationList;
			buildConfigurations = (
				CC4983AE1B42613E0086AB79 /* Debug */,
				CC4983AF1B42613E0086AB79 /* Release */,
			);
			defaultConfigurationIsVisible = 0;
			defaultConfigurationName = Release;
		};
		CC4983B01B42613E0086AB79 /* Build configuration list for PBXNativeTarget "Resource" */ = {
			isa = XCConfigurationList;
			buildConfigurations = (
				CC4983B11B42613E0086AB79 /* Debug */,
				CC4983B21B42613E0086AB79 /* Release */,
			);
			defaultConfigurationIsVisible = 0;
			defaultConfigurationName = Release;
		};
		CC4983B31B42613E0086AB79 /* Build configuration list for PBXNativeTarget "ResourceTests" */ = {
			isa = XCConfigurationList;
			buildConfigurations = (
				CC4983B41B42613E0086AB79 /* Debug */,
				CC4983B51B42613E0086AB79 /* Release */,
			);
			defaultConfigurationIsVisible = 0;
			defaultConfigurationName = Release;
		};
/* End XCConfigurationList section */
	};
	rootObject = CC4983851B42613E0086AB79 /* Project object */;
}
